
Microsoft Visual Studio Solution File, Format Version 12.00
# Visual Studio Version 17
VisualStudioVersion = 17.11.35327.3
MinimumVisualStudioVersion = 10.0.40219.1
Project("{8BC9CEB8-8B4A-11D0-8D11-00A0C91BC942}") = "CPUExtressor", "CPUExtressor\CPUExtressor.vcxproj", "{1B0BF1A8-F3A1-43C5-9CDD-2D33B7B9DEB4}"
EndProject
Global
	GlobalSection(SolutionConfigurationPlatforms) = preSolution
		Debug|x64 = Debug|x64
		Release|x64 = Release|x64
	EndGlobalSection
	GlobalSection(ProjectConfigurationPlatforms) = postSolution
		{1B0BF1A8-F3A1-43C5-9CDD-2D33B7B9DEB4}.Debug|x64.ActiveCfg = Debug|x64
		{1B0BF1A8-F3A1-43C5-9CDD-2D33B7B9DEB4}.Debug|x64.Build.0 = Debug|x64
		{1B0BF1A8-F3A1-43C5-9CDD-2D33B7B9DEB4}.Release|x64.ActiveCfg = Release|x64
		{1B0BF1A8-F3A1-43C5-9CDD-2D33B7B9DEB4}.Release|x64.Build.0 = Release|x64
	EndGlobalSection
	GlobalSection(SolutionProperties) = preSolution
		HideSolutionNode = FALSE
	EndGlobalSection
	GlobalSection(ExtensibilityGlobals) = postSolution
		SolutionGuid = {2637D228-A3ED-4DAD-8D8F-844DF1C92AE4}
	EndGlobalSection
EndGlobal
